
Microsoft Visual Studio Solution File, Format Version 12.00
# Visual Studio Version 16
VisualStudioVersion = 16.0.30114.105
MinimumVisualStudioVersion = 10.0.40219.1
Project("{FAE04EC0-301F-11D3-BF4B-00C04F79EFBC}") = "Repository", "Host\Repository.csproj", "{331A38EE-D79F-42A1-A95A-AA6115D5926F}"
EndProject
Project("{FAE04EC0-301F-11D3-BF4B-00C04F79EFBC}") = "RepositoryTests", "Tests\RepositoryTests.csproj", "{5B35017D-03BB-4D61-8217-9AAF6388BCEA}"
EndProject
Global
	GlobalSection(SolutionConfigurationPlatforms) = preSolution
		Debug|Any CPU = Debug|Any CPU
		Debug|x64 = Debug|x64
		Debug|x86 = Debug|x86
		Release|Any CPU = Release|Any CPU
		Release|x64 = Release|x64
		Release|x86 = Release|x86
	EndGlobalSection
	GlobalSection(SolutionProperties) = preSolution
		HideSolutionNode = FALSE
	EndGlobalSection
	GlobalSection(ProjectConfigurationPlatforms) = postSolution
		{331A38EE-D79F-42A1-A95A-AA6115D5926F}.Debug|Any CPU.ActiveCfg = Debug|Any CPU
		{331A38EE-D79F-42A1-A95A-AA6115D5926F}.Debug|Any CPU.Build.0 = Debug|Any CPU
		{331A38EE-D79F-42A1-A95A-AA6115D5926F}.Debug|x64.ActiveCfg = Debug|Any CPU
		{331A38EE-D79F-42A1-A95A-AA6115D5926F}.Debug|x64.Build.0 = Debug|Any CPU
		{331A38EE-D79F-42A1-A95A-AA6115D5926F}.Debug|x86.ActiveCfg = Debug|Any CPU
		{331A38EE-D79F-42A1-A95A-AA6115D5926F}.Debug|x86.Build.0 = Debug|Any CPU
		{331A38EE-D79F-42A1-A95A-AA6115D5926F}.Release|Any CPU.ActiveCfg = Release|Any CPU
		{331A38EE-D79F-42A1-A95A-AA6115D5926F}.Release|Any CPU.Build.0 = Release|Any CPU
		{331A38EE-D79F-42A1-A95A-AA6115D5926F}.Release|x64.ActiveCfg = Release|Any CPU
		{331A38EE-D79F-42A1-A95A-AA6115D5926F}.Release|x64.Build.0 = Release|Any CPU
		{331A38EE-D79F-42A1-A95A-AA6115D5926F}.Release|x86.ActiveCfg = Release|Any CPU
		{331A38EE-D79F-42A1-A95A-AA6115D5926F}.Release|x86.Build.0 = Release|Any CPU
		{5B35017D-03BB-4D61-8217-9AAF6388BCEA}.Debug|Any CPU.ActiveCfg = Debug|Any CPU
		{5B35017D-03BB-4D61-8217-9AAF6388BCEA}.Debug|Any CPU.Build.0 = Debug|Any CPU
		{5B35017D-03BB-4D61-8217-9AAF6388BCEA}.Debug|x64.ActiveCfg = Debug|Any CPU
		{5B35017D-03BB-4D61-8217-9AAF6388BCEA}.Debug|x64.Build.0 = Debug|Any CPU
		{5B35017D-03BB-4D61-8217-9AAF6388BCEA}.Debug|x86.ActiveCfg = Debug|Any CPU
		{5B35017D-03BB-4D61-8217-9AAF6388BCEA}.Debug|x86.Build.0 = Debug|Any CPU
		{5B35017D-03BB-4D61-8217-9AAF6388BCEA}.Release|Any CPU.ActiveCfg = Release|Any CPU
		{5B35017D-03BB-4D61-8217-9AAF6388BCEA}.Release|Any CPU.Build.0 = Release|Any CPU
		{5B35017D-03BB-4D61-8217-9AAF6388BCEA}.Release|x64.ActiveCfg = Release|Any CPU
		{5B35017D-03BB-4D61-8217-9AAF6388BCEA}.Release|x64.Build.0 = Release|Any CPU
		{5B35017D-03BB-4D61-8217-9AAF6388BCEA}.Release|x86.ActiveCfg = Release|Any CPU
		{5B35017D-03BB-4D61-8217-9AAF6388BCEA}.Release|x86.Build.0 = Release|Any CPU
	EndGlobalSection
EndGlobal
